
Microsoft Visual Studio Solution File, Format Version 12.00
# Visual Studio 15
VisualStudioVersion = 15.0.28010.2026
MinimumVisualStudioVersion = 10.0.40219.1
Project("{8BC9CEB8-8B4A-11D0-8D11-00A0C91BC942}") = "CISC205_Pr7_Ch16_Exceptions", "CISC205_Pr7_Ch16_Exceptions\CISC205_Pr7_Ch16_Exceptions.vcxproj", "{328C2645-A880-428B-AC19-0E0A5FD36087}"
EndProject
Global
	GlobalSection(SolutionConfigurationPlatforms) = preSolution
		Debug|x64 = Debug|x64
		Debug|x86 = Debug|x86
		Release|x64 = Release|x64
		Release|x86 = Release|x86
	EndGlobalSection
	GlobalSection(ProjectConfigurationPlatforms) = postSolution
		{328C2645-A880-428B-AC19-0E0A5FD36087}.Debug|x64.ActiveCfg = Debug|x64
		{328C2645-A880-428B-AC19-0E0A5FD36087}.Debug|x64.Build.0 = Debug|x64
		{328C2645-A880-428B-AC19-0E0A5FD36087}.Debug|x86.ActiveCfg = Debug|Win32
		{328C2645-A880-428B-AC19-0E0A5FD36087}.Debug|x86.Build.0 = Debug|Win32
		{328C2645-A880-428B-AC19-0E0A5FD36087}.Release|x64.ActiveCfg = Release|x64
		{328C2645-A880-428B-AC19-0E0A5FD36087}.Release|x64.Build.0 = Release|x64
		{328C2645-A880-428B-AC19-0E0A5FD36087}.Release|x86.ActiveCfg = Release|Win32
		{328C2645-A880-428B-AC19-0E0A5FD36087}.Release|x86.Build.0 = Release|Win32
	EndGlobalSection
	GlobalSection(SolutionProperties) = preSolution
		HideSolutionNode = FALSE
	EndGlobalSection
	GlobalSection(ExtensibilityGlobals) = postSolution
		SolutionGuid = {E9AD7976-3071-4655-A5E3-90D5120B2115}
	EndGlobalSection
EndGlobal
